
Microsoft Visual Studio Solution File, Format Version 12.00
# Visual Studio Version 17
VisualStudioVersion = 17.7.34024.191
MinimumVisualStudioVersion = 10.0.40219.1
Project("{FAE04EC0-301F-11D3-BF4B-00C04F79EFBC}") = "Лаба4", "Лаба4.csproj", "{BC924423-9F3E-4D57-A638-F1D221069E48}"
EndProject
Global
	GlobalSection(SolutionConfigurationPlatforms) = preSolution
		Debug|Any CPU = Debug|Any CPU
		Release|Any CPU = Release|Any CPU
	EndGlobalSection
	GlobalSection(ProjectConfigurationPlatforms) = postSolution
		{BC924423-9F3E-4D57-A638-F1D221069E48}.Debug|Any CPU.ActiveCfg = Debug|Any CPU
		{BC924423-9F3E-4D57-A638-F1D221069E48}.Debug|Any CPU.Build.0 = Debug|Any CPU
		{BC924423-9F3E-4D57-A638-F1D221069E48}.Release|Any CPU.ActiveCfg = Release|Any CPU
		{BC924423-9F3E-4D57-A638-F1D221069E48}.Release|Any CPU.Build.0 = Release|Any CPU
	EndGlobalSection
	GlobalSection(SolutionProperties) = preSolution
		HideSolutionNode = FALSE
	EndGlobalSection
	GlobalSection(ExtensibilityGlobals) = postSolution
		SolutionGuid = {53993281-75D5-42A7-8F64-B85FA36FC7C8}
	EndGlobalSection
EndGlobal
