
Microsoft Visual Studio Solution File, Format Version 12.00
# Visual Studio Version 17
VisualStudioVersion = 17.7.34024.191
MinimumVisualStudioVersion = 10.0.40219.1
Project("{FAE04EC0-301F-11D3-BF4B-00C04F79EFBC}") = "Laba2", "Laba2.csproj", "{C47AFA23-BF74-4312-939F-9BA8CC4039F8}"
EndProject
Global
	GlobalSection(SolutionConfigurationPlatforms) = preSolution
		Debug|Any CPU = Debug|Any CPU
		Release|Any CPU = Release|Any CPU
	EndGlobalSection
	GlobalSection(ProjectConfigurationPlatforms) = postSolution
		{C47AFA23-BF74-4312-939F-9BA8CC4039F8}.Debug|Any CPU.ActiveCfg = Debug|Any CPU
		{C47AFA23-BF74-4312-939F-9BA8CC4039F8}.Debug|Any CPU.Build.0 = Debug|Any CPU
		{C47AFA23-BF74-4312-939F-9BA8CC4039F8}.Release|Any CPU.ActiveCfg = Release|Any CPU
		{C47AFA23-BF74-4312-939F-9BA8CC4039F8}.Release|Any CPU.Build.0 = Release|Any CPU
	EndGlobalSection
	GlobalSection(SolutionProperties) = preSolution
		HideSolutionNode = FALSE
	EndGlobalSection
	GlobalSection(ExtensibilityGlobals) = postSolution
		SolutionGuid = {3B80D552-1CE6-431F-9464-442BD968EFE3}
	EndGlobalSection
EndGlobal
